
Microsoft Visual Studio Solution File, Format Version 12.00
# Visual Studio Version 17
VisualStudioVersion = 17.5.33414.496
MinimumVisualStudioVersion = 10.0.40219.1
Project("{9A19103F-16F7-4668-BE54-9A1E7A4F7556}") = "PicoPDF", "src\PicoPDF.csproj", "{CEE3036C-84E0-476C-A62A-053FF577C0D7}"
EndProject
Project("{9A19103F-16F7-4668-BE54-9A1E7A4F7556}") = "PicoPDF.Test", "test\PicoPDF.Test.csproj", "{425CB4DC-4503-43CA-9F7A-8BB09483F44A}"
EndProject
Project("{FAE04EC0-301F-11D3-BF4B-00C04F79EFBC}") = "PicoPDF.Sample", "sample\PicoPDF.Sample.csproj", "{38C31E97-3205-44E8-85BD-36CFB61442B2}"
EndProject
Global
	GlobalSection(SolutionConfigurationPlatforms) = preSolution
		Debug|Any CPU = Debug|Any CPU
		Release|Any CPU = Release|Any CPU
	EndGlobalSection
	GlobalSection(ProjectConfigurationPlatforms) = postSolution
		{CEE3036C-84E0-476C-A62A-053FF577C0D7}.Debug|Any CPU.ActiveCfg = Debug|Any CPU
		{CEE3036C-84E0-476C-A62A-053FF577C0D7}.Debug|Any CPU.Build.0 = Debug|Any CPU
		{CEE3036C-84E0-476C-A62A-053FF577C0D7}.Release|Any CPU.ActiveCfg = Release|Any CPU
		{CEE3036C-84E0-476C-A62A-053FF577C0D7}.Release|Any CPU.Build.0 = Release|Any CPU
		{425CB4DC-4503-43CA-9F7A-8BB09483F44A}.Debug|Any CPU.ActiveCfg = Debug|Any CPU
		{425CB4DC-4503-43CA-9F7A-8BB09483F44A}.Debug|Any CPU.Build.0 = Debug|Any CPU
		{425CB4DC-4503-43CA-9F7A-8BB09483F44A}.Release|Any CPU.ActiveCfg = Release|Any CPU
		{425CB4DC-4503-43CA-9F7A-8BB09483F44A}.Release|Any CPU.Build.0 = Release|Any CPU
		{38C31E97-3205-44E8-85BD-36CFB61442B2}.Debug|Any CPU.ActiveCfg = Debug|Any CPU
		{38C31E97-3205-44E8-85BD-36CFB61442B2}.Debug|Any CPU.Build.0 = Debug|Any CPU
		{38C31E97-3205-44E8-85BD-36CFB61442B2}.Release|Any CPU.ActiveCfg = Release|Any CPU
		{38C31E97-3205-44E8-85BD-36CFB61442B2}.Release|Any CPU.Build.0 = Release|Any CPU
	EndGlobalSection
	GlobalSection(SolutionProperties) = preSolution
		HideSolutionNode = FALSE
	EndGlobalSection
	GlobalSection(ExtensibilityGlobals) = postSolution
		SolutionGuid = {61E5213F-AF5C-4722-8592-A00629DB56B9}
	EndGlobalSection
EndGlobal
